
Microsoft Visual Studio Solution File, Format Version 12.00
# Visual Studio Version 16
VisualStudioVersion = 16.0.31112.23
MinimumVisualStudioVersion = 10.0.40219.1
Project("{2150E333-8FDC-42A3-9474-1A3956D46DE8}") = "docs", "docs", "{74D81EB7-EB46-4E4B-B650-B912288D548B}"
	ProjectSection(SolutionItems) = preProject
		docs\.gitignore = docs\.gitignore
		docs\package.json = docs\package.json
	EndProjectSection
EndProject
Project("{2150E333-8FDC-42A3-9474-1A3956D46DE8}") = "k8s", "k8s", "{F4E0BFAC-7B4E-43C3-94DE-F450634C2F03}"
EndProject
Project("{2150E333-8FDC-42A3-9474-1A3956D46DE8}") = "scripts", "scripts", "{1C03EB2E-2CE0-4C86-A640-23168AF8503F}"
	ProjectSection(SolutionItems) = preProject
		scripts\tag_all.sh = scripts\tag_all.sh
	EndProjectSection
EndProject
Project("{2150E333-8FDC-42A3-9474-1A3956D46DE8}") = "src", "src", "{6F2716C4-820B-4315-9590-4D89D783C001}"
EndProject
Project("{2150E333-8FDC-42A3-9474-1A3956D46DE8}") = "ApiGateways", "ApiGateways", "{EEECB3E7-FC2D-4494-BE59-588269F3BB67}"
EndProject
Project("{2150E333-8FDC-42A3-9474-1A3956D46DE8}") = "BuildingBlocks", "BuildingBlocks", "{4A9F299A-AF75-4397-AD9F-51883A682AFB}"
EndProject
Project("{2150E333-8FDC-42A3-9474-1A3956D46DE8}") = "Services", "Services", "{EEFB4FC3-E3C8-4839-927E-12246056AC8B}"
EndProject
Project("{2150E333-8FDC-42A3-9474-1A3956D46DE8}") = "Web", "Web", "{5079872C-3271-40D3-8F30-965512B9A9EC}"
EndProject
Project("{9A19103F-16F7-4668-BE54-9A1E7A4F7556}") = "WebHost.Customization", "src\BuildingBlocks\WebHost.Customization\WebHost.Customization.csproj", "{0D8F9918-07AD-467B-8538-1558A8013C2D}"
EndProject
Project("{9A19103F-16F7-4668-BE54-9A1E7A4F7556}") = "Identity.API", "src\Services\Identity\Identity.API\Identity.API.csproj", "{0A7762FF-729A-4B07-9DFD-456EDFA4BB66}"
EndProject
Project("{9A19103F-16F7-4668-BE54-9A1E7A4F7556}") = "Settings.API", "src\Services\Settings\Settings.API\Settings.API.csproj", "{1DFA9FBC-1847-4781-91EE-566B68767C55}"
EndProject
Project("{9A19103F-16F7-4668-BE54-9A1E7A4F7556}") = "Dynamic.API", "src\Services\Dynamic\Dynamic.API\Dynamic.API.csproj", "{C9495735-266E-4671-9848-2D2DB957344F}"
EndProject
Project("{9A19103F-16F7-4668-BE54-9A1E7A4F7556}") = "Storage.API", "src\Services\Storage\Storage.API\Storage.API.csproj", "{52C6F102-A226-4C32-AC6E-F6C684A0AF86}"
EndProject
Project("{9A19103F-16F7-4668-BE54-9A1E7A4F7556}") = "Webhooks.API", "src\Services\Webhooks\Webhooks.API\Webhooks.API.csproj", "{92E422AC-7BF1-434C-AE00-5FC31DA5EDE3}"
EndProject
Project("{9A19103F-16F7-4668-BE54-9A1E7A4F7556}") = "Emailing.API", "src\Services\Emailing\Emailing.API\Emailing.API.csproj", "{FA5B4B4B-F51F-47D2-91C9-DE4DABA8C0D8}"
EndProject
Project("{2150E333-8FDC-42A3-9474-1A3956D46DE8}") = "extensions", "extensions", "{B285A601-21B4-4A2B-BCB9-B9AD12797B33}"
	ProjectSection(SolutionItems) = preProject
		k8s\extensions\postgresql-deployment.yaml = k8s\extensions\postgresql-deployment.yaml
		k8s\extensions\rabbitmq-deployment.yaml = k8s\extensions\rabbitmq-deployment.yaml
		k8s\extensions\redis-deployment.yaml = k8s\extensions\redis-deployment.yaml
	EndProjectSection
EndProject
Project("{2150E333-8FDC-42A3-9474-1A3956D46DE8}") = "services", "services", "{4CEF0C3F-2212-4EE4-A66D-C9632F77AEB8}"
	ProjectSection(SolutionItems) = preProject
		k8s\services\apigateways-deployment.yaml = k8s\services\apigateways-deployment.yaml
		k8s\services\emailing-deployment.yaml = k8s\services\emailing-deployment.yaml
		k8s\services\identity-deployment.yaml = k8s\services\identity-deployment.yaml
		k8s\services\settings-deployment.yaml = k8s\services\settings-deployment.yaml
		k8s\services\storage-deployment.yaml = k8s\services\storage-deployment.yaml
		k8s\services\webhooks-deployment.yaml = k8s\services\webhooks-deployment.yaml
	EndProjectSection
EndProject
Project("{2150E333-8FDC-42A3-9474-1A3956D46DE8}") = ".github", ".github", "{1FCB513A-8239-49A4-8FD3-7C54049E3FB9}"
EndProject
Project("{2150E333-8FDC-42A3-9474-1A3956D46DE8}") = "workflows", "workflows", "{AFB131FB-A1AB-4277-9F75-964DFCE42A10}"
	ProjectSection(SolutionItems) = preProject
		.github\workflows\apigateways.yml = .github\workflows\apigateways.yml
		.github\workflows\dynamic-api.yml = .github\workflows\dynamic-api.yml
		.github\workflows\emailing-api.yml = .github\workflows\emailing-api.yml
		.github\workflows\identity-api.yml = .github\workflows\identity-api.yml
		.github\workflows\settings-api.yml = .github\workflows\settings-api.yml
		.github\workflows\social-api.yml = .github\workflows\social-api.yml
		.github\workflows\storage-api.yml = .github\workflows\storage-api.yml
		.github\workflows\web-dynamic.yml = .github\workflows\web-dynamic.yml
		.github\workflows\web-settings.yml = .github\workflows\web-settings.yml
		.github\workflows\web-status.yml = .github\workflows\web-status.yml
		.github\workflows\webhooks-api.yml = .github\workflows\webhooks-api.yml
	EndProjectSection
EndProject
Project("{2150E333-8FDC-42A3-9474-1A3956D46DE8}") = "Dynamic", "Dynamic", "{1D27D5BA-CB91-489E-8C2F-1255DE5A46E2}"
EndProject
Project("{2150E333-8FDC-42A3-9474-1A3956D46DE8}") = "Emailing", "Emailing", "{1B87D4E4-1CB3-42DB-8270-E8235B7B5365}"
EndProject
Project("{2150E333-8FDC-42A3-9474-1A3956D46DE8}") = "Identity", "Identity", "{A97DF04B-515C-4584-9A80-1FAD45BD2D5F}"
EndProject
Project("{2150E333-8FDC-42A3-9474-1A3956D46DE8}") = "Settings", "Settings", "{61163ECD-47C1-43A4-A774-264299849A1C}"
EndProject
Project("{2150E333-8FDC-42A3-9474-1A3956D46DE8}") = "Storage", "Storage", "{2DADA23B-DFE4-487D-B122-671427EC279F}"
EndProject
Project("{2150E333-8FDC-42A3-9474-1A3956D46DE8}") = "Webhooks", "Webhooks", "{EB9B6BEA-AAC7-40CA-B6BE-48AAE520D3F6}"
EndProject
Project("{9A19103F-16F7-4668-BE54-9A1E7A4F7556}") = "Web.Status", "src\Web\Web.Status\Web.Status.csproj", "{819D15B0-67A2-4C15-8A91-841EEAF0BA22}"
EndProject
Project("{9A19103F-16F7-4668-BE54-9A1E7A4F7556}") = "Web.Settings", "src\Web\Web.Settings\Web.Settings.csproj", "{E168E886-5FD5-4AEC-9BF3-AA39F1863912}"
EndProject
Project("{9A19103F-16F7-4668-BE54-9A1E7A4F7556}") = "Web.Dynamic", "src\Web\Web.Dynamic\Web.Dynamic.csproj", "{65E1334C-9968-421B-8568-F83E39E40FE5}"
EndProject
Project("{2150E333-8FDC-42A3-9474-1A3956D46DE8}") = "Social", "Social", "{DD9AB35E-F57F-405C-AEFD-DC4DEE96346E}"
EndProject
Project("{9A19103F-16F7-4668-BE54-9A1E7A4F7556}") = "Social.API", "src\Services\Social\Social.API\Social.API.csproj", "{BB1866B7-CD92-436D-AEF9-F963CE385E56}"
EndProject
Project("{E53339B2-1760-4266-BCC7-CA923CBCF16C}") = "docker-compose", "src/docker-compose.dcproj", "{65756B70-2D62-4CDB-A300-09F5FCA59AFA}"
EndProject
Project("{2150E333-8FDC-42A3-9474-1A3956D46DE8}") = "docs", "docs", "{175C59D9-5832-41A7-B831-DF89D9E5D1D4}"
	ProjectSection(SolutionItems) = preProject
		docs\docs\README.md = docs\docs\README.md
	EndProjectSection
EndProject
Project("{9A19103F-16F7-4668-BE54-9A1E7A4F7556}") = "ApiGateways", "src\ApiGateways\ApiGateways\ApiGateways.csproj", "{B22A33A1-7FF1-471F-8AAF-C16B7D293EC1}"
EndProject
Project("{9A19103F-16F7-4668-BE54-9A1E7A4F7556}") = "Dynamic.Domain", "src\Services\Dynamic\Dynamic.Domain\Dynamic.Domain.csproj", "{78D7C40A-AB16-4CA6-A098-116314FCD501}"
EndProject
Project("{9A19103F-16F7-4668-BE54-9A1E7A4F7556}") = "Dynamic.Infrastructure", "src\Services\Dynamic\Dynamic.Infrastructure\Dynamic.Infrastructure.csproj", "{E100FCD0-2410-4F96-9167-66484FAC8BD3}"
EndProject
Project("{9A19103F-16F7-4668-BE54-9A1E7A4F7556}") = "Emailing.Infrastructure", "src\Services\Emailing\Emailing.Infrastructure\Emailing.Infrastructure.csproj", "{AE9A86C1-B82F-4B4A-B66B-92C2F5C4BD13}"
EndProject
Project("{9A19103F-16F7-4668-BE54-9A1E7A4F7556}") = "Emailing.Domain", "src\Services\Emailing\Emailing.Domain\Emailing.Domain.csproj", "{71965EC4-FEAD-47E3-B4E9-A14670D59666}"
EndProject
Project("{9A19103F-16F7-4668-BE54-9A1E7A4F7556}") = "Identity.Domain", "src\Services\Identity\Identity.Domain\Identity.Domain.csproj", "{150DBA14-BD16-4D48-8CC6-D60FE99EF986}"
EndProject
Project("{9A19103F-16F7-4668-BE54-9A1E7A4F7556}") = "Identity.Infrastructure", "src\Services\Identity\Identity.Infrastructure\Identity.Infrastructure.csproj", "{73A0C566-18E7-4CF7-AC7C-728D93825589}"
EndProject
Project("{9A19103F-16F7-4668-BE54-9A1E7A4F7556}") = "Settings.Domain", "src\Services\Settings\Settings.Domain\Settings.Domain.csproj", "{C7FAE091-DCB4-492F-B594-D3E6081632A6}"
EndProject
Project("{9A19103F-16F7-4668-BE54-9A1E7A4F7556}") = "Settings.Infrastructure", "src\Services\Settings\Settings.Infrastructure\Settings.Infrastructure.csproj", "{900E4F01-10D0-4F13-8B35-8F7BD8C343D5}"
EndProject
Project("{9A19103F-16F7-4668-BE54-9A1E7A4F7556}") = "Social.Domain", "src\Services\Social\Social.Domain\Social.Domain.csproj", "{DA43DC7A-3AF0-4E29-BF74-E28280F37F8B}"
EndProject
Project("{9A19103F-16F7-4668-BE54-9A1E7A4F7556}") = "Social.Infrastructure", "src\Services\Social\Social.Infrastructure\Social.Infrastructure.csproj", "{1318CD0D-D7AD-4FB0-8A23-C5527BD0BA02}"
EndProject
Project("{9A19103F-16F7-4668-BE54-9A1E7A4F7556}") = "Storage.Infrastructure", "src\Services\Storage\Storage.Infrastructure\Storage.Infrastructure.csproj", "{40D598B8-7A2B-4780-A444-1292E3747008}"
EndProject
Project("{9A19103F-16F7-4668-BE54-9A1E7A4F7556}") = "Storage.Domain", "src\Services\Storage\Storage.Domain\Storage.Domain.csproj", "{F90FEB27-EC7D-45E5-95B0-83FF1250AA43}"
EndProject
Project("{9A19103F-16F7-4668-BE54-9A1E7A4F7556}") = "Webhooks.Domain", "src\Services\Webhooks\Webhooks.Domain\Webhooks.Domain.csproj", "{F367A0F5-D4DC-4445-9937-4B62B005E8E8}"
EndProject
Project("{9A19103F-16F7-4668-BE54-9A1E7A4F7556}") = "Webhooks.Infrastructure", "src\Services\Webhooks\Webhooks.Infrastructure\Webhooks.Infrastructure.csproj", "{A6583BBB-B441-400C-869F-8B644D29ECE3}"
EndProject
Project("{2150E333-8FDC-42A3-9474-1A3956D46DE8}") = "EventBus", "EventBus", "{9B95B6E4-70FF-4C58-8FBF-7AF38161BE98}"
EndProject
Project("{9A19103F-16F7-4668-BE54-9A1E7A4F7556}") = "EventBus", "src\BuildingBlocks\EventBus\EventBus\EventBus.csproj", "{02B8C7D6-B01D-44BA-9D5D-32420523CA24}"
EndProject
Project("{9A19103F-16F7-4668-BE54-9A1E7A4F7556}") = "EventBus.Tests", "src\BuildingBlocks\EventBus\EventBus.Tests\EventBus.Tests.csproj", "{DD88C253-7F35-423C-A2B5-58DF469E3149}"
EndProject
Project("{9A19103F-16F7-4668-BE54-9A1E7A4F7556}") = "EventBusRabbitMQ", "src\BuildingBlocks\EventBus\EventBusRabbitMQ\EventBusRabbitMQ.csproj", "{2166E085-731A-409F-8349-8BD79BFCF283}"
EndProject
Project("{9A19103F-16F7-4668-BE54-9A1E7A4F7556}") = "EventBusServiceBus", "src\BuildingBlocks\EventBus\EventBusServiceBus\EventBusServiceBus.csproj", "{326C29CE-7B05-4C2D-8770-4D5041B199E0}"
EndProject
Project("{9A19103F-16F7-4668-BE54-9A1E7A4F7556}") = "IntegrationEventLogEF", "src\BuildingBlocks\EventBus\IntegrationEventLogEF\IntegrationEventLogEF.csproj", "{D2615F86-46B6-449F-8AF5-A5DF4D1A5531}"
EndProject
Global
	GlobalSection(SolutionConfigurationPlatforms) = preSolution
		Debug|Any CPU = Debug|Any CPU
		Release|Any CPU = Release|Any CPU
	EndGlobalSection
	GlobalSection(ProjectConfigurationPlatforms) = postSolution
		{0D8F9918-07AD-467B-8538-1558A8013C2D}.Debug|Any CPU.ActiveCfg = Debug|Any CPU
		{0D8F9918-07AD-467B-8538-1558A8013C2D}.Debug|Any CPU.Build.0 = Debug|Any CPU
		{0D8F9918-07AD-467B-8538-1558A8013C2D}.Release|Any CPU.ActiveCfg = Release|Any CPU
		{0D8F9918-07AD-467B-8538-1558A8013C2D}.Release|Any CPU.Build.0 = Release|Any CPU
		{0A7762FF-729A-4B07-9DFD-456EDFA4BB66}.Debug|Any CPU.ActiveCfg = Debug|Any CPU
		{0A7762FF-729A-4B07-9DFD-456EDFA4BB66}.Debug|Any CPU.Build.0 = Debug|Any CPU
		{0A7762FF-729A-4B07-9DFD-456EDFA4BB66}.Release|Any CPU.ActiveCfg = Release|Any CPU
		{0A7762FF-729A-4B07-9DFD-456EDFA4BB66}.Release|Any CPU.Build.0 = Release|Any CPU
		{1DFA9FBC-1847-4781-91EE-566B68767C55}.Debug|Any CPU.ActiveCfg = Debug|Any CPU
		{1DFA9FBC-1847-4781-91EE-566B68767C55}.Debug|Any CPU.Build.0 = Debug|Any CPU
		{1DFA9FBC-1847-4781-91EE-566B68767C55}.Release|Any CPU.ActiveCfg = Release|Any CPU
		{1DFA9FBC-1847-4781-91EE-566B68767C55}.Release|Any CPU.Build.0 = Release|Any CPU
		{C9495735-266E-4671-9848-2D2DB957344F}.Debug|Any CPU.ActiveCfg = Debug|Any CPU
		{C9495735-266E-4671-9848-2D2DB957344F}.Debug|Any CPU.Build.0 = Debug|Any CPU
		{C9495735-266E-4671-9848-2D2DB957344F}.Release|Any CPU.ActiveCfg = Release|Any CPU
		{C9495735-266E-4671-9848-2D2DB957344F}.Release|Any CPU.Build.0 = Release|Any CPU
		{52C6F102-A226-4C32-AC6E-F6C684A0AF86}.Debug|Any CPU.ActiveCfg = Debug|Any CPU
		{52C6F102-A226-4C32-AC6E-F6C684A0AF86}.Debug|Any CPU.Build.0 = Debug|Any CPU
		{52C6F102-A226-4C32-AC6E-F6C684A0AF86}.Release|Any CPU.ActiveCfg = Release|Any CPU
		{52C6F102-A226-4C32-AC6E-F6C684A0AF86}.Release|Any CPU.Build.0 = Release|Any CPU
		{92E422AC-7BF1-434C-AE00-5FC31DA5EDE3}.Debug|Any CPU.ActiveCfg = Debug|Any CPU
		{92E422AC-7BF1-434C-AE00-5FC31DA5EDE3}.Debug|Any CPU.Build.0 = Debug|Any CPU
		{92E422AC-7BF1-434C-AE00-5FC31DA5EDE3}.Release|Any CPU.ActiveCfg = Release|Any CPU
		{92E422AC-7BF1-434C-AE00-5FC31DA5EDE3}.Release|Any CPU.Build.0 = Release|Any CPU
		{FA5B4B4B-F51F-47D2-91C9-DE4DABA8C0D8}.Debug|Any CPU.ActiveCfg = Debug|Any CPU
		{FA5B4B4B-F51F-47D2-91C9-DE4DABA8C0D8}.Debug|Any CPU.Build.0 = Debug|Any CPU
		{FA5B4B4B-F51F-47D2-91C9-DE4DABA8C0D8}.Release|Any CPU.ActiveCfg = Release|Any CPU
		{FA5B4B4B-F51F-47D2-91C9-DE4DABA8C0D8}.Release|Any CPU.Build.0 = Release|Any CPU
		{819D15B0-67A2-4C15-8A91-841EEAF0BA22}.Debug|Any CPU.ActiveCfg = Debug|Any CPU
		{819D15B0-67A2-4C15-8A91-841EEAF0BA22}.Debug|Any CPU.Build.0 = Debug|Any CPU
		{819D15B0-67A2-4C15-8A91-841EEAF0BA22}.Release|Any CPU.ActiveCfg = Release|Any CPU
		{819D15B0-67A2-4C15-8A91-841EEAF0BA22}.Release|Any CPU.Build.0 = Release|Any CPU
		{E168E886-5FD5-4AEC-9BF3-AA39F1863912}.Debug|Any CPU.ActiveCfg = Debug|Any CPU
		{E168E886-5FD5-4AEC-9BF3-AA39F1863912}.Debug|Any CPU.Build.0 = Debug|Any CPU
		{E168E886-5FD5-4AEC-9BF3-AA39F1863912}.Release|Any CPU.ActiveCfg = Release|Any CPU
		{E168E886-5FD5-4AEC-9BF3-AA39F1863912}.Release|Any CPU.Build.0 = Release|Any CPU
		{65E1334C-9968-421B-8568-F83E39E40FE5}.Debug|Any CPU.ActiveCfg = Debug|Any CPU
		{65E1334C-9968-421B-8568-F83E39E40FE5}.Debug|Any CPU.Build.0 = Debug|Any CPU
		{65E1334C-9968-421B-8568-F83E39E40FE5}.Release|Any CPU.ActiveCfg = Release|Any CPU
		{65E1334C-9968-421B-8568-F83E39E40FE5}.Release|Any CPU.Build.0 = Release|Any CPU
		{BB1866B7-CD92-436D-AEF9-F963CE385E56}.Debug|Any CPU.ActiveCfg = Debug|Any CPU
		{BB1866B7-CD92-436D-AEF9-F963CE385E56}.Debug|Any CPU.Build.0 = Debug|Any CPU
		{BB1866B7-CD92-436D-AEF9-F963CE385E56}.Release|Any CPU.ActiveCfg = Release|Any CPU
		{BB1866B7-CD92-436D-AEF9-F963CE385E56}.Release|Any CPU.Build.0 = Release|Any CPU
		{65756B70-2D62-4CDB-A300-09F5FCA59AFA}.Debug|Any CPU.ActiveCfg = Debug|Any CPU
		{65756B70-2D62-4CDB-A300-09F5FCA59AFA}.Debug|Any CPU.Build.0 = Debug|Any CPU
		{65756B70-2D62-4CDB-A300-09F5FCA59AFA}.Release|Any CPU.ActiveCfg = Release|Any CPU
		{65756B70-2D62-4CDB-A300-09F5FCA59AFA}.Release|Any CPU.Build.0 = Release|Any CPU
		{B22A33A1-7FF1-471F-8AAF-C16B7D293EC1}.Debug|Any CPU.ActiveCfg = Debug|Any CPU
		{B22A33A1-7FF1-471F-8AAF-C16B7D293EC1}.Debug|Any CPU.Build.0 = Debug|Any CPU
		{B22A33A1-7FF1-471F-8AAF-C16B7D293EC1}.Release|Any CPU.ActiveCfg = Release|Any CPU
		{B22A33A1-7FF1-471F-8AAF-C16B7D293EC1}.Release|Any CPU.Build.0 = Release|Any CPU
		{78D7C40A-AB16-4CA6-A098-116314FCD501}.Debug|Any CPU.ActiveCfg = Debug|Any CPU
		{78D7C40A-AB16-4CA6-A098-116314FCD501}.Debug|Any CPU.Build.0 = Debug|Any CPU
		{78D7C40A-AB16-4CA6-A098-116314FCD501}.Release|Any CPU.ActiveCfg = Release|Any CPU
		{78D7C40A-AB16-4CA6-A098-116314FCD501}.Release|Any CPU.Build.0 = Release|Any CPU
		{E100FCD0-2410-4F96-9167-66484FAC8BD3}.Debug|Any CPU.ActiveCfg = Debug|Any CPU
		{E100FCD0-2410-4F96-9167-66484FAC8BD3}.Debug|Any CPU.Build.0 = Debug|Any CPU
		{E100FCD0-2410-4F96-9167-66484FAC8BD3}.Release|Any CPU.ActiveCfg = Release|Any CPU
		{E100FCD0-2410-4F96-9167-66484FAC8BD3}.Release|Any CPU.Build.0 = Release|Any CPU
		{AE9A86C1-B82F-4B4A-B66B-92C2F5C4BD13}.Debug|Any CPU.ActiveCfg = Debug|Any CPU
		{AE9A86C1-B82F-4B4A-B66B-92C2F5C4BD13}.Debug|Any CPU.Build.0 = Debug|Any CPU
		{AE9A86C1-B82F-4B4A-B66B-92C2F5C4BD13}.Release|Any CPU.ActiveCfg = Release|Any CPU
		{AE9A86C1-B82F-4B4A-B66B-92C2F5C4BD13}.Release|Any CPU.Build.0 = Release|Any CPU
		{71965EC4-FEAD-47E3-B4E9-A14670D59666}.Debug|Any CPU.ActiveCfg = Debug|Any CPU
		{71965EC4-FEAD-47E3-B4E9-A14670D59666}.Debug|Any CPU.Build.0 = Debug|Any CPU
		{71965EC4-FEAD-47E3-B4E9-A14670D59666}.Release|Any CPU.ActiveCfg = Release|Any CPU
		{71965EC4-FEAD-47E3-B4E9-A14670D59666}.Release|Any CPU.Build.0 = Release|Any CPU
		{150DBA14-BD16-4D48-8CC6-D60FE99EF986}.Debug|Any CPU.ActiveCfg = Debug|Any CPU
		{150DBA14-BD16-4D48-8CC6-D60FE99EF986}.Debug|Any CPU.Build.0 = Debug|Any CPU
		{150DBA14-BD16-4D48-8CC6-D60FE99EF986}.Release|Any CPU.ActiveCfg = Release|Any CPU
		{150DBA14-BD16-4D48-8CC6-D60FE99EF986}.Release|Any CPU.Build.0 = Release|Any CPU
		{73A0C566-18E7-4CF7-AC7C-728D93825589}.Debug|Any CPU.ActiveCfg = Debug|Any CPU
		{73A0C566-18E7-4CF7-AC7C-728D93825589}.Debug|Any CPU.Build.0 = Debug|Any CPU
		{73A0C566-18E7-4CF7-AC7C-728D93825589}.Release|Any CPU.ActiveCfg = Release|Any CPU
		{73A0C566-18E7-4CF7-AC7C-728D93825589}.Release|Any CPU.Build.0 = Release|Any CPU
		{C7FAE091-DCB4-492F-B594-D3E6081632A6}.Debug|Any CPU.ActiveCfg = Debug|Any CPU
		{C7FAE091-DCB4-492F-B594-D3E6081632A6}.Debug|Any CPU.Build.0 = Debug|Any CPU
		{C7FAE091-DCB4-492F-B594-D3E6081632A6}.Release|Any CPU.ActiveCfg = Release|Any CPU
		{C7FAE091-DCB4-492F-B594-D3E6081632A6}.Release|Any CPU.Build.0 = Release|Any CPU
		{900E4F01-10D0-4F13-8B35-8F7BD8C343D5}.Debug|Any CPU.ActiveCfg = Debug|Any CPU
		{900E4F01-10D0-4F13-8B35-8F7BD8C343D5}.Debug|Any CPU.Build.0 = Debug|Any CPU
		{900E4F01-10D0-4F13-8B35-8F7BD8C343D5}.Release|Any CPU.ActiveCfg = Release|Any CPU
		{900E4F01-10D0-4F13-8B35-8F7BD8C343D5}.Release|Any CPU.Build.0 = Release|Any CPU
		{DA43DC7A-3AF0-4E29-BF74-E28280F37F8B}.Debug|Any CPU.ActiveCfg = Debug|Any CPU
		{DA43DC7A-3AF0-4E29-BF74-E28280F37F8B}.Debug|Any CPU.Build.0 = Debug|Any CPU
		{DA43DC7A-3AF0-4E29-BF74-E28280F37F8B}.Release|Any CPU.ActiveCfg = Release|Any CPU
		{DA43DC7A-3AF0-4E29-BF74-E28280F37F8B}.Release|Any CPU.Build.0 = Release|Any CPU
		{1318CD0D-D7AD-4FB0-8A23-C5527BD0BA02}.Debug|Any CPU.ActiveCfg = Debug|Any CPU
		{1318CD0D-D7AD-4FB0-8A23-C5527BD0BA02}.Debug|Any CPU.Build.0 = Debug|Any CPU
		{1318CD0D-D7AD-4FB0-8A23-C5527BD0BA02}.Release|Any CPU.ActiveCfg = Release|Any CPU
		{1318CD0D-D7AD-4FB0-8A23-C5527BD0BA02}.Release|Any CPU.Build.0 = Release|Any CPU
		{40D598B8-7A2B-4780-A444-1292E3747008}.Debug|Any CPU.ActiveCfg = Debug|Any CPU
		{40D598B8-7A2B-4780-A444-1292E3747008}.Debug|Any CPU.Build.0 = Debug|Any CPU
		{40D598B8-7A2B-4780-A444-1292E3747008}.Release|Any CPU.ActiveCfg = Release|Any CPU
		{40D598B8-7A2B-4780-A444-1292E3747008}.Release|Any CPU.Build.0 = Release|Any CPU
		{F90FEB27-EC7D-45E5-95B0-83FF1250AA43}.Debug|Any CPU.ActiveCfg = Debug|Any CPU
		{F90FEB27-EC7D-45E5-95B0-83FF1250AA43}.Debug|Any CPU.Build.0 = Debug|Any CPU
		{F90FEB27-EC7D-45E5-95B0-83FF1250AA43}.Release|Any CPU.ActiveCfg = Release|Any CPU
		{F90FEB27-EC7D-45E5-95B0-83FF1250AA43}.Release|Any CPU.Build.0 = Release|Any CPU
		{F367A0F5-D4DC-4445-9937-4B62B005E8E8}.Debug|Any CPU.ActiveCfg = Debug|Any CPU
		{F367A0F5-D4DC-4445-9937-4B62B005E8E8}.Debug|Any CPU.Build.0 = Debug|Any CPU
		{F367A0F5-D4DC-4445-9937-4B62B005E8E8}.Release|Any CPU.ActiveCfg = Release|Any CPU
		{F367A0F5-D4DC-4445-9937-4B62B005E8E8}.Release|Any CPU.Build.0 = Release|Any CPU
		{A6583BBB-B441-400C-869F-8B644D29ECE3}.Debug|Any CPU.ActiveCfg = Debug|Any CPU
		{A6583BBB-B441-400C-869F-8B644D29ECE3}.Debug|Any CPU.Build.0 = Debug|Any CPU
		{A6583BBB-B441-400C-869F-8B644D29ECE3}.Release|Any CPU.ActiveCfg = Release|Any CPU
		{A6583BBB-B441-400C-869F-8B644D29ECE3}.Release|Any CPU.Build.0 = Release|Any CPU
		{02B8C7D6-B01D-44BA-9D5D-32420523CA24}.Debug|Any CPU.ActiveCfg = Debug|Any CPU
		{02B8C7D6-B01D-44BA-9D5D-32420523CA24}.Debug|Any CPU.Build.0 = Debug|Any CPU
		{02B8C7D6-B01D-44BA-9D5D-32420523CA24}.Release|Any CPU.ActiveCfg = Release|Any CPU
		{02B8C7D6-B01D-44BA-9D5D-32420523CA24}.Release|Any CPU.Build.0 = Release|Any CPU
		{DD88C253-7F35-423C-A2B5-58DF469E3149}.Debug|Any CPU.ActiveCfg = Debug|Any CPU
		{DD88C253-7F35-423C-A2B5-58DF469E3149}.Debug|Any CPU.Build.0 = Debug|Any CPU
		{DD88C253-7F35-423C-A2B5-58DF469E3149}.Release|Any CPU.ActiveCfg = Release|Any CPU
		{DD88C253-7F35-423C-A2B5-58DF469E3149}.Release|Any CPU.Build.0 = Release|Any CPU
		{2166E085-731A-409F-8349-8BD79BFCF283}.Debug|Any CPU.ActiveCfg = Debug|Any CPU
		{2166E085-731A-409F-8349-8BD79BFCF283}.Debug|Any CPU.Build.0 = Debug|Any CPU
		{2166E085-731A-409F-8349-8BD79BFCF283}.Release|Any CPU.ActiveCfg = Release|Any CPU
		{2166E085-731A-409F-8349-8BD79BFCF283}.Release|Any CPU.Build.0 = Release|Any CPU
		{326C29CE-7B05-4C2D-8770-4D5041B199E0}.Debug|Any CPU.ActiveCfg = Debug|Any CPU
		{326C29CE-7B05-4C2D-8770-4D5041B199E0}.Debug|Any CPU.Build.0 = Debug|Any CPU
		{326C29CE-7B05-4C2D-8770-4D5041B199E0}.Release|Any CPU.ActiveCfg = Release|Any CPU
		{326C29CE-7B05-4C2D-8770-4D5041B199E0}.Release|Any CPU.Build.0 = Release|Any CPU
		{D2615F86-46B6-449F-8AF5-A5DF4D1A5531}.Debug|Any CPU.ActiveCfg = Debug|Any CPU
		{D2615F86-46B6-449F-8AF5-A5DF4D1A5531}.Debug|Any CPU.Build.0 = Debug|Any CPU
		{D2615F86-46B6-449F-8AF5-A5DF4D1A5531}.Release|Any CPU.ActiveCfg = Release|Any CPU
		{D2615F86-46B6-449F-8AF5-A5DF4D1A5531}.Release|Any CPU.Build.0 = Release|Any CPU
	EndGlobalSection
	GlobalSection(SolutionProperties) = preSolution
		HideSolutionNode = FALSE
	EndGlobalSection
	GlobalSection(NestedProjects) = preSolution
		{EEECB3E7-FC2D-4494-BE59-588269F3BB67} = {6F2716C4-820B-4315-9590-4D89D783C001}
		{4A9F299A-AF75-4397-AD9F-51883A682AFB} = {6F2716C4-820B-4315-9590-4D89D783C001}
		{EEFB4FC3-E3C8-4839-927E-12246056AC8B} = {6F2716C4-820B-4315-9590-4D89D783C001}
		{5079872C-3271-40D3-8F30-965512B9A9EC} = {6F2716C4-820B-4315-9590-4D89D783C001}
		{0D8F9918-07AD-467B-8538-1558A8013C2D} = {4A9F299A-AF75-4397-AD9F-51883A682AFB}
		{0A7762FF-729A-4B07-9DFD-456EDFA4BB66} = {A97DF04B-515C-4584-9A80-1FAD45BD2D5F}
		{1DFA9FBC-1847-4781-91EE-566B68767C55} = {61163ECD-47C1-43A4-A774-264299849A1C}
		{C9495735-266E-4671-9848-2D2DB957344F} = {1D27D5BA-CB91-489E-8C2F-1255DE5A46E2}
		{52C6F102-A226-4C32-AC6E-F6C684A0AF86} = {2DADA23B-DFE4-487D-B122-671427EC279F}
		{92E422AC-7BF1-434C-AE00-5FC31DA5EDE3} = {EB9B6BEA-AAC7-40CA-B6BE-48AAE520D3F6}
		{FA5B4B4B-F51F-47D2-91C9-DE4DABA8C0D8} = {1B87D4E4-1CB3-42DB-8270-E8235B7B5365}
		{B285A601-21B4-4A2B-BCB9-B9AD12797B33} = {F4E0BFAC-7B4E-43C3-94DE-F450634C2F03}
		{4CEF0C3F-2212-4EE4-A66D-C9632F77AEB8} = {F4E0BFAC-7B4E-43C3-94DE-F450634C2F03}
		{AFB131FB-A1AB-4277-9F75-964DFCE42A10} = {1FCB513A-8239-49A4-8FD3-7C54049E3FB9}
		{1D27D5BA-CB91-489E-8C2F-1255DE5A46E2} = {EEFB4FC3-E3C8-4839-927E-12246056AC8B}
		{1B87D4E4-1CB3-42DB-8270-E8235B7B5365} = {EEFB4FC3-E3C8-4839-927E-12246056AC8B}
		{A97DF04B-515C-4584-9A80-1FAD45BD2D5F} = {EEFB4FC3-E3C8-4839-927E-12246056AC8B}
		{61163ECD-47C1-43A4-A774-264299849A1C} = {EEFB4FC3-E3C8-4839-927E-12246056AC8B}
		{2DADA23B-DFE4-487D-B122-671427EC279F} = {EEFB4FC3-E3C8-4839-927E-12246056AC8B}
		{EB9B6BEA-AAC7-40CA-B6BE-48AAE520D3F6} = {EEFB4FC3-E3C8-4839-927E-12246056AC8B}
		{819D15B0-67A2-4C15-8A91-841EEAF0BA22} = {5079872C-3271-40D3-8F30-965512B9A9EC}
		{E168E886-5FD5-4AEC-9BF3-AA39F1863912} = {5079872C-3271-40D3-8F30-965512B9A9EC}
		{65E1334C-9968-421B-8568-F83E39E40FE5} = {5079872C-3271-40D3-8F30-965512B9A9EC}
		{DD9AB35E-F57F-405C-AEFD-DC4DEE96346E} = {EEFB4FC3-E3C8-4839-927E-12246056AC8B}
		{BB1866B7-CD92-436D-AEF9-F963CE385E56} = {DD9AB35E-F57F-405C-AEFD-DC4DEE96346E}
		{175C59D9-5832-41A7-B831-DF89D9E5D1D4} = {74D81EB7-EB46-4E4B-B650-B912288D548B}
		{B22A33A1-7FF1-471F-8AAF-C16B7D293EC1} = {EEECB3E7-FC2D-4494-BE59-588269F3BB67}
		{78D7C40A-AB16-4CA6-A098-116314FCD501} = {1D27D5BA-CB91-489E-8C2F-1255DE5A46E2}
		{E100FCD0-2410-4F96-9167-66484FAC8BD3} = {1D27D5BA-CB91-489E-8C2F-1255DE5A46E2}
		{AE9A86C1-B82F-4B4A-B66B-92C2F5C4BD13} = {1B87D4E4-1CB3-42DB-8270-E8235B7B5365}
		{71965EC4-FEAD-47E3-B4E9-A14670D59666} = {1B87D4E4-1CB3-42DB-8270-E8235B7B5365}
		{150DBA14-BD16-4D48-8CC6-D60FE99EF986} = {A97DF04B-515C-4584-9A80-1FAD45BD2D5F}
		{73A0C566-18E7-4CF7-AC7C-728D93825589} = {A97DF04B-515C-4584-9A80-1FAD45BD2D5F}
		{C7FAE091-DCB4-492F-B594-D3E6081632A6} = {61163ECD-47C1-43A4-A774-264299849A1C}
		{900E4F01-10D0-4F13-8B35-8F7BD8C343D5} = {61163ECD-47C1-43A4-A774-264299849A1C}
		{DA43DC7A-3AF0-4E29-BF74-E28280F37F8B} = {DD9AB35E-F57F-405C-AEFD-DC4DEE96346E}
		{1318CD0D-D7AD-4FB0-8A23-C5527BD0BA02} = {DD9AB35E-F57F-405C-AEFD-DC4DEE96346E}
		{40D598B8-7A2B-4780-A444-1292E3747008} = {2DADA23B-DFE4-487D-B122-671427EC279F}
		{F90FEB27-EC7D-45E5-95B0-83FF1250AA43} = {2DADA23B-DFE4-487D-B122-671427EC279F}
		{F367A0F5-D4DC-4445-9937-4B62B005E8E8} = {EB9B6BEA-AAC7-40CA-B6BE-48AAE520D3F6}
		{A6583BBB-B441-400C-869F-8B644D29ECE3} = {EB9B6BEA-AAC7-40CA-B6BE-48AAE520D3F6}
		{9B95B6E4-70FF-4C58-8FBF-7AF38161BE98} = {4A9F299A-AF75-4397-AD9F-51883A682AFB}
		{02B8C7D6-B01D-44BA-9D5D-32420523CA24} = {9B95B6E4-70FF-4C58-8FBF-7AF38161BE98}
		{DD88C253-7F35-423C-A2B5-58DF469E3149} = {9B95B6E4-70FF-4C58-8FBF-7AF38161BE98}
		{2166E085-731A-409F-8349-8BD79BFCF283} = {9B95B6E4-70FF-4C58-8FBF-7AF38161BE98}
		{326C29CE-7B05-4C2D-8770-4D5041B199E0} = {9B95B6E4-70FF-4C58-8FBF-7AF38161BE98}
		{D2615F86-46B6-449F-8AF5-A5DF4D1A5531} = {9B95B6E4-70FF-4C58-8FBF-7AF38161BE98}
	EndGlobalSection
	GlobalSection(ExtensibilityGlobals) = postSolution
		SolutionGuid = {6D55FFE0-053A-4787-9B5F-E610C8297254}
	EndGlobalSection
EndGlobal
